// !$*UTF8*$!
{
	archiveVersion = 1;
	classes = {
	};
	objectVersion = 56;
	objects = {

/* Begin PBXBuildFile section */
		993830D92A9B929C00D5AA74 /* Label.swift in Sources */ = {isa = PBXBuildFile; fileRef = 993830D82A9B929C00D5AA74 /* Label.swift */; };
		993830DC2A9B932500D5AA74 /* Fruits.swift in Sources */ = {isa = PBXBuildFile; fileRef = 993830DB2A9B932500D5AA74 /* Fruits.swift */; };
		993830DE2A9B986400D5AA74 /* Gourmand.swift in Sources */ = {isa = PBXBuildFile; fileRef = 993830DD2A9B986400D5AA74 /* Gourmand.swift */; };
		993830E02A9BF0CA00D5AA74 /* HomeView.swift in Sources */ = {isa = PBXBuildFile; fileRef = 993830DF2A9BF0CA00D5AA74 /* HomeView.swift */; };
		993830E22A9BF19300D5AA74 /* CartView.swift in Sources */ = {isa = PBXBuildFile; fileRef = 993830E12A9BF19300D5AA74 /* CartView.swift */; };
		993830E42A9C7E3E00D5AA74 /* WrapperView.swift in Sources */ = {isa = PBXBuildFile; fileRef = 993830E32A9C7E3E00D5AA74 /* WrapperView.swift */; };
		993830E72A9C7F9000D5AA74 /* TabBar in Frameworks */ = {isa = PBXBuildFile; productRef = 993830E62A9C7F9000D5AA74 /* TabBar */; };
		993830E92A9C838A00D5AA74 /* Tabbar.swift in Sources */ = {isa = PBXBuildFile; fileRef = 993830E82A9C838A00D5AA74 /* Tabbar.swift */; };
		993830ED2A9C843700D5AA74 /* NavigationBar.swift in Sources */ = {isa = PBXBuildFile; fileRef = 993830EC2A9C843700D5AA74 /* NavigationBar.swift */; };
		993830EF2A9C84FC00D5AA74 /* MenuButton.swift in Sources */ = {isa = PBXBuildFile; fileRef = 993830EE2A9C84FC00D5AA74 /* MenuButton.swift */; };
		993830F12A9C86A600D5AA74 /* SearchField.swift in Sources */ = {isa = PBXBuildFile; fileRef = 993830F02A9C86A600D5AA74 /* SearchField.swift */; };
		993830F42A9C883D00D5AA74 /* View.swift in Sources */ = {isa = PBXBuildFile; fileRef = 993830F32A9C883D00D5AA74 /* View.swift */; };
		993830F72A9C90A100D5AA74 /* Color.swift in Sources */ = {isa = PBXBuildFile; fileRef = 993830F62A9C90A100D5AA74 /* Color.swift */; };
		993830F92A9C9A5C00D5AA74 /* liquidCard.swift in Sources */ = {isa = PBXBuildFile; fileRef = 993830F82A9C9A5C00D5AA74 /* liquidCard.swift */; };
		993830FB2A9C9AB200D5AA74 /* Liquid.swift in Sources */ = {isa = PBXBuildFile; fileRef = 993830FA2A9C9AB200D5AA74 /* Liquid.swift */; };
		993830FF2A9CFAFA00D5AA74 /* LiquidDetailCard.swift in Sources */ = {isa = PBXBuildFile; fileRef = 993830FE2A9CFAFA00D5AA74 /* LiquidDetailCard.swift */; };
		996AF5742A9A8F7700E32A79 /* iVapeApp.swift in Sources */ = {isa = PBXBuildFile; fileRef = 996AF5732A9A8F7700E32A79 /* iVapeApp.swift */; };
		996AF5762A9A8F7700E32A79 /* FavoriteView.swift in Sources */ = {isa = PBXBuildFile; fileRef = 996AF5752A9A8F7700E32A79 /* FavoriteView.swift */; };
		996AF5782A9A8F7900E32A79 /* Assets.xcassets in Resources */ = {isa = PBXBuildFile; fileRef = 996AF5772A9A8F7900E32A79 /* Assets.xcassets */; };
		996AF57B2A9A8F7900E32A79 /* Preview Assets.xcassets in Resources */ = {isa = PBXBuildFile; fileRef = 996AF57A2A9A8F7900E32A79 /* Preview Assets.xcassets */; };
		99B688672A9D12CE0049C45F /* DGCharts in Frameworks */ = {isa = PBXBuildFile; productRef = 99B688662A9D12CE0049C45F /* DGCharts */; };
		99B688692A9D12CE0049C45F /* DGChartsDynamic in Frameworks */ = {isa = PBXBuildFile; productRef = 99B688682A9D12CE0049C45F /* DGChartsDynamic */; };
		99B6886B2A9D17690049C45F /* FlavourLabel.swift in Sources */ = {isa = PBXBuildFile; fileRef = 99B6886A2A9D17690049C45F /* FlavourLabel.swift */; };
		99CC444D2A9D013B00A2074C /* PieChartView.swift in Sources */ = {isa = PBXBuildFile; fileRef = 99CC444C2A9D013B00A2074C /* PieChartView.swift */; };
/* End PBXBuildFile section */

/* Begin PBXFileReference section */
		993830D82A9B929C00D5AA74 /* Label.swift */ = {isa = PBXFileReference; lastKnownFileType = sourcecode.swift; path = Label.swift; sourceTree = "<group>"; };
		993830DB2A9B932500D5AA74 /* Fruits.swift */ = {isa = PBXFileReference; lastKnownFileType = sourcecode.swift; path = Fruits.swift; sourceTree = "<group>"; };
		993830DD2A9B986400D5AA74 /* Gourmand.swift */ = {isa = PBXFileReference; lastKnownFileType = sourcecode.swift; path = Gourmand.swift; sourceTree = "<group>"; };
		993830DF2A9BF0CA00D5AA74 /* HomeView.swift */ = {isa = PBXFileReference; lastKnownFileType = sourcecode.swift; path = HomeView.swift; sourceTree = "<group>"; };
		993830E12A9BF19300D5AA74 /* CartView.swift */ = {isa = PBXFileReference; lastKnownFileType = sourcecode.swift; path = CartView.swift; sourceTree = "<group>"; };
		993830E32A9C7E3E00D5AA74 /* WrapperView.swift */ = {isa = PBXFileReference; lastKnownFileType = sourcecode.swift; path = WrapperView.swift; sourceTree = "<group>"; };
		993830E82A9C838A00D5AA74 /* Tabbar.swift */ = {isa = PBXFileReference; lastKnownFileType = sourcecode.swift; path = Tabbar.swift; sourceTree = "<group>"; };
		993830EC2A9C843700D5AA74 /* NavigationBar.swift */ = {isa = PBXFileReference; lastKnownFileType = sourcecode.swift; path = NavigationBar.swift; sourceTree = "<group>"; };
		993830EE2A9C84FC00D5AA74 /* MenuButton.swift */ = {isa = PBXFileReference; lastKnownFileType = sourcecode.swift; path = MenuButton.swift; sourceTree = "<group>"; };
		993830F02A9C86A600D5AA74 /* SearchField.swift */ = {isa = PBXFileReference; lastKnownFileType = sourcecode.swift; path = SearchField.swift; sourceTree = "<group>"; };
		993830F32A9C883D00D5AA74 /* View.swift */ = {isa = PBXFileReference; lastKnownFileType = sourcecode.swift; path = View.swift; sourceTree = "<group>"; };
		993830F62A9C90A100D5AA74 /* Color.swift */ = {isa = PBXFileReference; lastKnownFileType = sourcecode.swift; path = Color.swift; sourceTree = "<group>"; };
		993830F82A9C9A5C00D5AA74 /* liquidCard.swift */ = {isa = PBXFileReference; lastKnownFileType = sourcecode.swift; path = liquidCard.swift; sourceTree = "<group>"; };
		993830FA2A9C9AB200D5AA74 /* Liquid.swift */ = {isa = PBXFileReference; lastKnownFileType = sourcecode.swift; path = Liquid.swift; sourceTree = "<group>"; };
		993830FE2A9CFAFA00D5AA74 /* LiquidDetailCard.swift */ = {isa = PBXFileReference; lastKnownFileType = sourcecode.swift; path = LiquidDetailCard.swift; sourceTree = "<group>"; };
		996AF5702A9A8F7700E32A79 /* iVape.app */ = {isa = PBXFileReference; explicitFileType = wrapper.application; includeInIndex = 0; path = iVape.app; sourceTree = BUILT_PRODUCTS_DIR; };
		996AF5732A9A8F7700E32A79 /* iVapeApp.swift */ = {isa = PBXFileReference; lastKnownFileType = sourcecode.swift; path = iVapeApp.swift; sourceTree = "<group>"; };
		996AF5752A9A8F7700E32A79 /* FavoriteView.swift */ = {isa = PBXFileReference; lastKnownFileType = sourcecode.swift; path = FavoriteView.swift; sourceTree = "<group>"; };
		996AF5772A9A8F7900E32A79 /* Assets.xcassets */ = {isa = PBXFileReference; lastKnownFileType = folder.assetcatalog; path = Assets.xcassets; sourceTree = "<group>"; };
		996AF57A2A9A8F7900E32A79 /* Preview Assets.xcassets */ = {isa = PBXFileReference; lastKnownFileType = folder.assetcatalog; path = "Preview Assets.xcassets"; sourceTree = "<group>"; };
		99B6886A2A9D17690049C45F /* FlavourLabel.swift */ = {isa = PBXFileReference; lastKnownFileType = sourcecode.swift; path = FlavourLabel.swift; sourceTree = "<group>"; };
		99CC444C2A9D013B00A2074C /* PieChartView.swift */ = {isa = PBXFileReference; lastKnownFileType = sourcecode.swift; path = PieChartView.swift; sourceTree = "<group>"; };
/* End PBXFileReference section */

/* Begin PBXFrameworksBuildPhase section */
		996AF56D2A9A8F7700E32A79 /* Frameworks */ = {
			isa = PBXFrameworksBuildPhase;
			buildActionMask = 2147483647;
			files = (
				99B688672A9D12CE0049C45F /* DGCharts in Frameworks */,
				99B688692A9D12CE0049C45F /* DGChartsDynamic in Frameworks */,
				993830E72A9C7F9000D5AA74 /* TabBar in Frameworks */,
			);
			runOnlyForDeploymentPostprocessing = 0;
		};
/* End PBXFrameworksBuildPhase section */

/* Begin PBXGroup section */
		993830DA2A9B931900D5AA74 /* Protocols */ = {
			isa = PBXGroup;
			children = (
				993830D82A9B929C00D5AA74 /* Label.swift */,
			);
			path = Protocols;
			sourceTree = "<group>";
		};
		993830EA2A9C839900D5AA74 /* Components */ = {
			isa = PBXGroup;
			children = (
				993830F22A9C882300D5AA74 /* ViewModifiers */,
				993830E82A9C838A00D5AA74 /* Tabbar.swift */,
				993830EC2A9C843700D5AA74 /* NavigationBar.swift */,
				993830EE2A9C84FC00D5AA74 /* MenuButton.swift */,
				993830F82A9C9A5C00D5AA74 /* liquidCard.swift */,
				993830FE2A9CFAFA00D5AA74 /* LiquidDetailCard.swift */,
				99CC444C2A9D013B00A2074C /* PieChartView.swift */,
				99B6886A2A9D17690049C45F /* FlavourLabel.swift */,
			);
			path = Components;
			sourceTree = "<group>";
		};
		993830EB2A9C841100D5AA74 /* Views */ = {
			isa = PBXGroup;
			children = (
				996AF5752A9A8F7700E32A79 /* FavoriteView.swift */,
				993830DF2A9BF0CA00D5AA74 /* HomeView.swift */,
				993830E12A9BF19300D5AA74 /* CartView.swift */,
			);
			path = Views;
			sourceTree = "<group>";
		};
		993830F22A9C882300D5AA74 /* ViewModifiers */ = {
			isa = PBXGroup;
			children = (
				993830F02A9C86A600D5AA74 /* SearchField.swift */,
			);
			path = ViewModifiers;
			sourceTree = "<group>";
		};
		993830F52A9C884300D5AA74 /* Extensions */ = {
			isa = PBXGroup;
			children = (
				993830F32A9C883D00D5AA74 /* View.swift */,
				993830F62A9C90A100D5AA74 /* Color.swift */,
			);
			path = Extensions;
			sourceTree = "<group>";
		};
		993830FC2A9C9AB700D5AA74 /* Models */ = {
			isa = PBXGroup;
			children = (
				993830DB2A9B932500D5AA74 /* Fruits.swift */,
				993830DD2A9B986400D5AA74 /* Gourmand.swift */,
				993830FA2A9C9AB200D5AA74 /* Liquid.swift */,
			);
			path = Models;
			sourceTree = "<group>";
		};
		996AF5672A9A8F7700E32A79 = {
			isa = PBXGroup;
			children = (
				996AF5722A9A8F7700E32A79 /* iVape */,
				996AF5712A9A8F7700E32A79 /* Products */,
			);
			sourceTree = "<group>";
		};
		996AF5712A9A8F7700E32A79 /* Products */ = {
			isa = PBXGroup;
			children = (
				996AF5702A9A8F7700E32A79 /* iVape.app */,
			);
			name = Products;
			sourceTree = "<group>";
		};
		996AF5722A9A8F7700E32A79 /* iVape */ = {
			isa = PBXGroup;
			children = (
				993830FC2A9C9AB700D5AA74 /* Models */,
				993830F52A9C884300D5AA74 /* Extensions */,
				993830EA2A9C839900D5AA74 /* Components */,
				993830DA2A9B931900D5AA74 /* Protocols */,
				993830E32A9C7E3E00D5AA74 /* WrapperView.swift */,
				996AF5732A9A8F7700E32A79 /* iVapeApp.swift */,
				993830EB2A9C841100D5AA74 /* Views */,
				996AF5772A9A8F7900E32A79 /* Assets.xcassets */,
				996AF5792A9A8F7900E32A79 /* Preview Content */,
			);
			path = iVape;
			sourceTree = "<group>";
		};
		996AF5792A9A8F7900E32A79 /* Preview Content */ = {
			isa = PBXGroup;
			children = (
				996AF57A2A9A8F7900E32A79 /* Preview Assets.xcassets */,
			);
			path = "Preview Content";
			sourceTree = "<group>";
		};
/* End PBXGroup section */

/* Begin PBXNativeTarget section */
		996AF56F2A9A8F7700E32A79 /* iVape */ = {
			isa = PBXNativeTarget;
			buildConfigurationList = 996AF57E2A9A8F7900E32A79 /* Build configuration list for PBXNativeTarget "iVape" */;
			buildPhases = (
				996AF56C2A9A8F7700E32A79 /* Sources */,
				996AF56D2A9A8F7700E32A79 /* Frameworks */,
				996AF56E2A9A8F7700E32A79 /* Resources */,
			);
			buildRules = (
			);
			dependencies = (
			);
			name = iVape;
			packageProductDependencies = (
				993830E62A9C7F9000D5AA74 /* TabBar */,
				99B688662A9D12CE0049C45F /* DGCharts */,
				99B688682A9D12CE0049C45F /* DGChartsDynamic */,
			);
			productName = iVape;
			productReference = 996AF5702A9A8F7700E32A79 /* iVape.app */;
			productType = "com.apple.product-type.application";
		};
/* End PBXNativeTarget section */

/* Begin PBXProject section */
		996AF5682A9A8F7700E32A79 /* Project object */ = {
			isa = PBXProject;
			attributes = {
				BuildIndependentTargetsInParallel = 1;
				LastSwiftUpdateCheck = 1500;
				LastUpgradeCheck = 1500;
				TargetAttributes = {
					996AF56F2A9A8F7700E32A79 = {
						CreatedOnToolsVersion = 15.0;
					};
				};
			};
			buildConfigurationList = 996AF56B2A9A8F7700E32A79 /* Build configuration list for PBXProject "iVape" */;
			compatibilityVersion = "Xcode 14.0";
			developmentRegion = en;
			hasScannedForEncodings = 0;
			knownRegions = (
				en,
				Base,
			);
			mainGroup = 996AF5672A9A8F7700E32A79;
			packageReferences = (
				993830E52A9C7F9000D5AA74 /* XCRemoteSwiftPackageReference "TabBar" */,
				99B688652A9D12CE0049C45F /* XCRemoteSwiftPackageReference "Charts" */,
			);
			productRefGroup = 996AF5712A9A8F7700E32A79 /* Products */;
			projectDirPath = "";
			projectRoot = "";
			targets = (
				996AF56F2A9A8F7700E32A79 /* iVape */,
			);
		};
/* End PBXProject section */

/* Begin PBXResourcesBuildPhase section */
		996AF56E2A9A8F7700E32A79 /* Resources */ = {
			isa = PBXResourcesBuildPhase;
			buildActionMask = 2147483647;
			files = (
				996AF57B2A9A8F7900E32A79 /* Preview Assets.xcassets in Resources */,
				996AF5782A9A8F7900E32A79 /* Assets.xcassets in Resources */,
			);
			runOnlyForDeploymentPostprocessing = 0;
		};
/* End PBXResourcesBuildPhase section */

/* Begin PBXSourcesBuildPhase section */
		996AF56C2A9A8F7700E32A79 /* Sources */ = {
			isa = PBXSourcesBuildPhase;
			buildActionMask = 2147483647;
			files = (
				993830F42A9C883D00D5AA74 /* View.swift in Sources */,
				993830EF2A9C84FC00D5AA74 /* MenuButton.swift in Sources */,
				993830E42A9C7E3E00D5AA74 /* WrapperView.swift in Sources */,
				993830F92A9C9A5C00D5AA74 /* liquidCard.swift in Sources */,
				993830DE2A9B986400D5AA74 /* Gourmand.swift in Sources */,
				993830E22A9BF19300D5AA74 /* CartView.swift in Sources */,
				993830E92A9C838A00D5AA74 /* Tabbar.swift in Sources */,
				993830DC2A9B932500D5AA74 /* Fruits.swift in Sources */,
				993830F12A9C86A600D5AA74 /* SearchField.swift in Sources */,
				993830FF2A9CFAFA00D5AA74 /* LiquidDetailCard.swift in Sources */,
				99CC444D2A9D013B00A2074C /* PieChartView.swift in Sources */,
				993830ED2A9C843700D5AA74 /* NavigationBar.swift in Sources */,
				993830F72A9C90A100D5AA74 /* Color.swift in Sources */,
				996AF5762A9A8F7700E32A79 /* FavoriteView.swift in Sources */,
				993830E02A9BF0CA00D5AA74 /* HomeView.swift in Sources */,
				996AF5742A9A8F7700E32A79 /* iVapeApp.swift in Sources */,
				993830D92A9B929C00D5AA74 /* Label.swift in Sources */,
				99B6886B2A9D17690049C45F /* FlavourLabel.swift in Sources */,
				993830FB2A9C9AB200D5AA74 /* Liquid.swift in Sources */,
			);
			runOnlyForDeploymentPostprocessing = 0;
		};
/* End PBXSourcesBuildPhase section */

/* Begin XCBuildConfiguration section */
		996AF57C2A9A8F7900E32A79 /* Debug */ = {
			isa = XCBuildConfiguration;
			buildSettings = {
				ALWAYS_SEARCH_USER_PATHS = NO;
				ASSETCATALOG_COMPILER_GENERATE_SWIFT_ASSET_SYMBOL_EXTENSIONS = YES;
				CLANG_ANALYZER_NONNULL = YES;
				CLANG_ANALYZER_NUMBER_OBJECT_CONVERSION = YES_AGGRESSIVE;
				CLANG_CXX_LANGUAGE_STANDARD = "gnu++20";
				CLANG_ENABLE_MODULES = YES;
				CLANG_ENABLE_OBJC_ARC = YES;
				CLANG_ENABLE_OBJC_WEAK = YES;
				CLANG_WARN_BLOCK_CAPTURE_AUTORELEASING = YES;
				CLANG_WARN_BOOL_CONVERSION = YES;
				CLANG_WARN_COMMA = YES;
				CLANG_WARN_CONSTANT_CONVERSION = YES;
				CLANG_WARN_DEPRECATED_OBJC_IMPLEMENTATIONS = YES;
				CLANG_WARN_DIRECT_OBJC_ISA_USAGE = YES_ERROR;
				CLANG_WARN_DOCUMENTATION_COMMENTS = YES;
				CLANG_WARN_EMPTY_BODY = YES;
				CLANG_WARN_ENUM_CONVERSION = YES;
				CLANG_WARN_INFINITE_RECURSION = YES;
				CLANG_WARN_INT_CONVERSION = YES;
				CLANG_WARN_NON_LITERAL_NULL_CONVERSION = YES;
				CLANG_WARN_OBJC_IMPLICIT_RETAIN_SELF = YES;
				CLANG_WARN_OBJC_LITERAL_CONVERSION = YES;
				CLANG_WARN_OBJC_ROOT_CLASS = YES_ERROR;
				CLANG_WARN_QUOTED_INCLUDE_IN_FRAMEWORK_HEADER = YES;
				CLANG_WARN_RANGE_LOOP_ANALYSIS = YES;
				CLANG_WARN_STRICT_PROTOTYPES = YES;
				CLANG_WARN_SUSPICIOUS_MOVE = YES;
				CLANG_WARN_UNGUARDED_AVAILABILITY = YES_AGGRESSIVE;
				CLANG_WARN_UNREACHABLE_CODE = YES;
				CLANG_WARN__DUPLICATE_METHOD_MATCH = YES;
				COPY_PHASE_STRIP = NO;
				DEBUG_INFORMATION_FORMAT = dwarf;
				ENABLE_STRICT_OBJC_MSGSEND = YES;
				ENABLE_TESTABILITY = YES;
				ENABLE_USER_SCRIPT_SANDBOXING = YES;
				GCC_C_LANGUAGE_STANDARD = gnu17;
				GCC_DYNAMIC_NO_PIC = NO;
				GCC_NO_COMMON_BLOCKS = YES;
				GCC_OPTIMIZATION_LEVEL = 0;
				GCC_PREPROCESSOR_DEFINITIONS = (
					"DEBUG=1",
					"$(inherited)",
				);
				GCC_WARN_64_TO_32_BIT_CONVERSION = YES;
				GCC_WARN_ABOUT_RETURN_TYPE = YES_ERROR;
				GCC_WARN_UNDECLARED_SELECTOR = YES;
				GCC_WARN_UNINITIALIZED_AUTOS = YES_AGGRESSIVE;
				GCC_WARN_UNUSED_FUNCTION = YES;
				GCC_WARN_UNUSED_VARIABLE = YES;
				IPHONEOS_DEPLOYMENT_TARGET = 17.0;
				LOCALIZATION_PREFERS_STRING_CATALOGS = YES;
				MTL_ENABLE_DEBUG_INFO = INCLUDE_SOURCE;
				MTL_FAST_MATH = YES;
				ONLY_ACTIVE_ARCH = YES;
				SDKROOT = iphoneos;
				SWIFT_ACTIVE_COMPILATION_CONDITIONS = "DEBUG $(inherited)";
				SWIFT_OPTIMIZATION_LEVEL = "-Onone";
			};
			name = Debug;
		};
		996AF57D2A9A8F7900E32A79 /* Release */ = {
			isa = XCBuildConfiguration;
			buildSettings = {
				ALWAYS_SEARCH_USER_PATHS = NO;
				ASSETCATALOG_COMPILER_GENERATE_SWIFT_ASSET_SYMBOL_EXTENSIONS = YES;
				CLANG_ANALYZER_NONNULL = YES;
				CLANG_ANALYZER_NUMBER_OBJECT_CONVERSION = YES_AGGRESSIVE;
				CLANG_CXX_LANGUAGE_STANDARD = "gnu++20";
				CLANG_ENABLE_MODULES = YES;
				CLANG_ENABLE_OBJC_ARC = YES;
				CLANG_ENABLE_OBJC_WEAK = YES;
				CLANG_WARN_BLOCK_CAPTURE_AUTORELEASING = YES;
				CLANG_WARN_BOOL_CONVERSION = YES;
				CLANG_WARN_COMMA = YES;
				CLANG_WARN_CONSTANT_CONVERSION = YES;
				CLANG_WARN_DEPRECATED_OBJC_IMPLEMENTATIONS = YES;
				CLANG_WARN_DIRECT_OBJC_ISA_USAGE = YES_ERROR;
				CLANG_WARN_DOCUMENTATION_COMMENTS = YES;
				CLANG_WARN_EMPTY_BODY = YES;
				CLANG_WARN_ENUM_CONVERSION = YES;
				CLANG_WARN_INFINITE_RECURSION = YES;
				CLANG_WARN_INT_CONVERSION = YES;
				CLANG_WARN_NON_LITERAL_NULL_CONVERSION = YES;
				CLANG_WARN_OBJC_IMPLICIT_RETAIN_SELF = YES;
				CLANG_WARN_OBJC_LITERAL_CONVERSION = YES;
				CLANG_WARN_OBJC_ROOT_CLASS = YES_ERROR;
				CLANG_WARN_QUOTED_INCLUDE_IN_FRAMEWORK_HEADER = YES;
				CLANG_WARN_RANGE_LOOP_ANALYSIS = YES;
				CLANG_WARN_STRICT_PROTOTYPES = YES;
				CLANG_WARN_SUSPICIOUS_MOVE = YES;
				CLANG_WARN_UNGUARDED_AVAILABILITY = YES_AGGRESSIVE;
				CLANG_WARN_UNREACHABLE_CODE = YES;
				CLANG_WARN__DUPLICATE_METHOD_MATCH = YES;
				COPY_PHASE_STRIP = NO;
				DEBUG_INFORMATION_FORMAT = "dwarf-with-dsym";
				ENABLE_NS_ASSERTIONS = NO;
				ENABLE_STRICT_OBJC_MSGSEND = YES;
				ENABLE_USER_SCRIPT_SANDBOXING = YES;
				GCC_C_LANGUAGE_STANDARD = gnu17;
				GCC_NO_COMMON_BLOCKS = YES;
				GCC_WARN_64_TO_32_BIT_CONVERSION = YES;
				GCC_WARN_ABOUT_RETURN_TYPE = YES_ERROR;
				GCC_WARN_UNDECLARED_SELECTOR = YES;
				GCC_WARN_UNINITIALIZED_AUTOS = YES_AGGRESSIVE;
				GCC_WARN_UNUSED_FUNCTION = YES;
				GCC_WARN_UNUSED_VARIABLE = YES;
				IPHONEOS_DEPLOYMENT_TARGET = 17.0;
				LOCALIZATION_PREFERS_STRING_CATALOGS = YES;
				MTL_ENABLE_DEBUG_INFO = NO;
				MTL_FAST_MATH = YES;
				SDKROOT = iphoneos;
				SWIFT_COMPILATION_MODE = wholemodule;
				VALIDATE_PRODUCT = YES;
			};
			name = Release;
		};
		996AF57F2A9A8F7900E32A79 /* Debug */ = {
			isa = XCBuildConfiguration;
			buildSettings = {
				ASSETCATALOG_COMPILER_APPICON_NAME = AppIcon;
				ASSETCATALOG_COMPILER_GLOBAL_ACCENT_COLOR_NAME = AccentColor;
				CODE_SIGN_STYLE = Automatic;
				CURRENT_PROJECT_VERSION = 1;
				DEVELOPMENT_ASSET_PATHS = "\"iVape/Preview Content\"";
				DEVELOPMENT_TEAM = QH3T53K3KZ;
				ENABLE_PREVIEWS = YES;
				GENERATE_INFOPLIST_FILE = YES;
				INFOPLIST_KEY_UIApplicationSceneManifest_Generation = YES;
				INFOPLIST_KEY_UIApplicationSupportsIndirectInputEvents = YES;
				INFOPLIST_KEY_UILaunchScreen_Generation = YES;
				INFOPLIST_KEY_UISupportedInterfaceOrientations_iPad = "UIInterfaceOrientationPortrait UIInterfaceOrientationPortraitUpsideDown UIInterfaceOrientationLandscapeLeft UIInterfaceOrientationLandscapeRight";
				INFOPLIST_KEY_UISupportedInterfaceOrientations_iPhone = "UIInterfaceOrientationPortrait UIInterfaceOrientationLandscapeLeft UIInterfaceOrientationLandscapeRight";
				LD_RUNPATH_SEARCH_PATHS = (
					"$(inherited)",
					"@executable_path/Frameworks",
				);
				MARKETING_VERSION = 1.0;
				PRODUCT_BUNDLE_IDENTIFIER = com.raynex.iVape;
				PRODUCT_NAME = "$(TARGET_NAME)";
				SWIFT_EMIT_LOC_STRINGS = YES;
				SWIFT_VERSION = 5.0;
				TARGETED_DEVICE_FAMILY = "1,2";
			};
			name = Debug;
		};
		996AF5802A9A8F7900E32A79 /* Release */ = {
			isa = XCBuildConfiguration;
			buildSettings = {
				ASSETCATALOG_COMPILER_APPICON_NAME = AppIcon;
				ASSETCATALOG_COMPILER_GLOBAL_ACCENT_COLOR_NAME = AccentColor;
				CODE_SIGN_STYLE = Automatic;
				CURRENT_PROJECT_VERSION = 1;
				DEVELOPMENT_ASSET_PATHS = "\"iVape/Preview Content\"";
				DEVELOPMENT_TEAM = QH3T53K3KZ;
				ENABLE_PREVIEWS = YES;
				GENERATE_INFOPLIST_FILE = YES;
				INFOPLIST_KEY_UIApplicationSceneManifest_Generation = YES;
				INFOPLIST_KEY_UIApplicationSupportsIndirectInputEvents = YES;
				INFOPLIST_KEY_UILaunchScreen_Generation = YES;
				INFOPLIST_KEY_UISupportedInterfaceOrientations_iPad = "UIInterfaceOrientationPortrait UIInterfaceOrientationPortraitUpsideDown UIInterfaceOrientationLandscapeLeft UIInterfaceOrientationLandscapeRight";
				INFOPLIST_KEY_UISupportedInterfaceOrientations_iPhone = "UIInterfaceOrientationPortrait UIInterfaceOrientationLandscapeLeft UIInterfaceOrientationLandscapeRight";
				LD_RUNPATH_SEARCH_PATHS = (
					"$(inherited)",
					"@executable_path/Frameworks",
				);
				MARKETING_VERSION = 1.0;
				PRODUCT_BUNDLE_IDENTIFIER = com.raynex.iVape;
				PRODUCT_NAME = "$(TARGET_NAME)";
				SWIFT_EMIT_LOC_STRINGS = YES;
				SWIFT_VERSION = 5.0;
				TARGETED_DEVICE_FAMILY = "1,2";
			};
			name = Release;
		};
/* End XCBuildConfiguration section */

/* Begin XCConfigurationList section */
		996AF56B2A9A8F7700E32A79 /* Build configuration list for PBXProject "iVape" */ = {
			isa = XCConfigurationList;
			buildConfigurations = (
				996AF57C2A9A8F7900E32A79 /* Debug */,
				996AF57D2A9A8F7900E32A79 /* Release */,
			);
			defaultConfigurationIsVisible = 0;
			defaultConfigurationName = Release;
		};
		996AF57E2A9A8F7900E32A79 /* Build configuration list for PBXNativeTarget "iVape" */ = {
			isa = XCConfigurationList;
			buildConfigurations = (
				996AF57F2A9A8F7900E32A79 /* Debug */,
				996AF5802A9A8F7900E32A79 /* Release */,
			);
			defaultConfigurationIsVisible = 0;
			defaultConfigurationName = Release;
		};
/* End XCConfigurationList section */

/* Begin XCRemoteSwiftPackageReference section */
		993830E52A9C7F9000D5AA74 /* XCRemoteSwiftPackageReference "TabBar" */ = {
			isa = XCRemoteSwiftPackageReference;
			repositoryURL = "https://github.com/onl1ner/TabBar.git";
			requirement = {
				kind = upToNextMajorVersion;
				minimumVersion = 1.3.0;
			};
		};
		99B688652A9D12CE0049C45F /* XCRemoteSwiftPackageReference "Charts" */ = {
			isa = XCRemoteSwiftPackageReference;
			repositoryURL = "https://github.com/danielgindi/Charts";
			requirement = {
				kind = upToNextMajorVersion;
				minimumVersion = 5.0.0;
			};
		};
/* End XCRemoteSwiftPackageReference section */

/* Begin XCSwiftPackageProductDependency section */
		993830E62A9C7F9000D5AA74 /* TabBar */ = {
			isa = XCSwiftPackageProductDependency;
			package = 993830E52A9C7F9000D5AA74 /* XCRemoteSwiftPackageReference "TabBar" */;
			productName = TabBar;
		};
		99B688662A9D12CE0049C45F /* DGCharts */ = {
			isa = XCSwiftPackageProductDependency;
			package = 99B688652A9D12CE0049C45F /* XCRemoteSwiftPackageReference "Charts" */;
			productName = DGCharts;
		};
		99B688682A9D12CE0049C45F /* DGChartsDynamic */ = {
			isa = XCSwiftPackageProductDependency;
			package = 99B688652A9D12CE0049C45F /* XCRemoteSwiftPackageReference "Charts" */;
			productName = DGChartsDynamic;
		};
/* End XCSwiftPackageProductDependency section */
	};
	rootObject = 996AF5682A9A8F7700E32A79 /* Project object */;
}
